// !$*UTF8*$!
{
	archiveVersion = 1;
	classes = {
	};
	objectVersion = 46;
	objects = {

/* Begin PBXBuildFile section */
		F75827481AE3826300B0AF79 /* AppDelegate.swift in Sources */ = {isa = PBXBuildFile; fileRef = F75827471AE3826300B0AF79 /* AppDelegate.swift */; };
		F758274A1AE3826300B0AF79 /* ViewController.swift in Sources */ = {isa = PBXBuildFile; fileRef = F75827491AE3826300B0AF79 /* ViewController.swift */; };
		F758274D1AE3826300B0AF79 /* Main.storyboard in Resources */ = {isa = PBXBuildFile; fileRef = F758274B1AE3826300B0AF79 /* Main.storyboard */; };
		F758274F1AE3826300B0AF79 /* Images.xcassets in Resources */ = {isa = PBXBuildFile; fileRef = F758274E1AE3826300B0AF79 /* Images.xcassets */; };
		F75827521AE3826300B0AF79 /* LaunchScreen.xib in Resources */ = {isa = PBXBuildFile; fileRef = F75827501AE3826300B0AF79 /* LaunchScreen.xib */; };
		F758275E1AE3826300B0AF79 /* sinanhelloTests.swift in Sources */ = {isa = PBXBuildFile; fileRef = F758275D1AE3826300B0AF79 /* sinanhelloTests.swift */; };
/* End PBXBuildFile section */

/* Begin PBXContainerItemProxy section */
		F75827581AE3826300B0AF79 /* PBXContainerItemProxy */ = {
			isa = PBXContainerItemProxy;
			containerPortal = F758273A1AE3826300B0AF79 /* Project object */;
			proxyType = 1;
			remoteGlobalIDString = F75827411AE3826300B0AF79;
			remoteInfo = sinanhello;
		};
/* End PBXContainerItemProxy section */

/* Begin PBXFileReference section */
		F75827421AE3826300B0AF79 /* sinanhello.app */ = {isa = PBXFileReference; explicitFileType = wrapper.application; includeInIndex = 0; path = sinanhello.app; sourceTree = BUILT_PRODUCTS_DIR; };
		F75827461AE3826300B0AF79 /* Info.plist */ = {isa = PBXFileReference; lastKnownFileType = text.plist.xml; path = Info.plist; sourceTree = "<group>"; };
		F75827471AE3826300B0AF79 /* AppDelegate.swift */ = {isa = PBXFileReference; lastKnownFileType = sourcecode.swift; path = AppDelegate.swift; sourceTree = "<group>"; };
		F75827491AE3826300B0AF79 /* ViewController.swift */ = {isa = PBXFileReference; lastKnownFileType = sourcecode.swift; path = ViewController.swift; sourceTree = "<group>"; };
		F758274C1AE3826300B0AF79 /* Base */ = {isa = PBXFileReference; lastKnownFileType = file.storyboard; name = Base; path = Base.lproj/Main.storyboard; sourceTree = "<group>"; };
		F758274E1AE3826300B0AF79 /* Images.xcassets */ = {isa = PBXFileReference; lastKnownFileType = folder.assetcatalog; path = Images.xcassets; sourceTree = "<group>"; };
		F75827511AE3826300B0AF79 /* Base */ = {isa = PBXFileReference; lastKnownFileType = file.xib; name = Base; path = Base.lproj/LaunchScreen.xib; sourceTree = "<group>"; };
		F75827571AE3826300B0AF79 /* sinanhelloTests.xctest */ = {isa = PBXFileReference; explicitFileType = wrapper.cfbundle; includeInIndex = 0; path = sinanhelloTests.xctest; sourceTree = BUILT_PRODUCTS_DIR; };
		F758275C1AE3826300B0AF79 /* Info.plist */ = {isa = PBXFileReference; lastKnownFileType = text.plist.xml; path = Info.plist; sourceTree = "<group>"; };
		F758275D1AE3826300B0AF79 /* sinanhelloTests.swift */ = {isa = PBXFileReference; lastKnownFileType = sourcecode.swift; path = sinanhelloTests.swift; sourceTree = "<group>"; };
/* End PBXFileReference section */

/* Begin PBXFrameworksBuildPhase section */
		F758273F1AE3826300B0AF79 /* Frameworks */ = {
			isa = PBXFrameworksBuildPhase;
			buildActionMask = 2147483647;
			files = (
			);
			runOnlyForDeploymentPostprocessing = 0;
		};
		F75827541AE3826300B0AF79 /* Frameworks */ = {
			isa = PBXFrameworksBuildPhase;
			buildActionMask = 2147483647;
			files = (
			);
			runOnlyForDeploymentPostprocessing = 0;
		};
/* End PBXFrameworksBuildPhase section */

/* Begin PBXGroup section */
		F75827391AE3826300B0AF79 = {
			isa = PBXGroup;
			children = (
				F75827441AE3826300B0AF79 /* sinanhello */,
				F758275A1AE3826300B0AF79 /* sinanhelloTests */,
				F75827431AE3826300B0AF79 /* Products */,
			);
			sourceTree = "<group>";
		};
		F75827431AE3826300B0AF79 /* Products */ = {
			isa = PBXGroup;
			children = (
				F75827421AE3826300B0AF79 /* sinanhello.app */,
				F75827571AE3826300B0AF79 /* sinanhelloTests.xctest */,
			);
			name = Products;
			sourceTree = "<group>";
		};
		F75827441AE3826300B0AF79 /* sinanhello */ = {
			isa = PBXGroup;
			children = (
				F75827471AE3826300B0AF79 /* AppDelegate.swift */,
				F75827491AE3826300B0AF79 /* ViewController.swift */,
				F758274B1AE3826300B0AF79 /* Main.storyboard */,
				F758274E1AE3826300B0AF79 /* Images.xcassets */,
				F75827501AE3826300B0AF79 /* LaunchScreen.xib */,
				F75827451AE3826300B0AF79 /* Supporting Files */,
			);
			path = sinanhello;
			sourceTree = "<group>";
		};
		F75827451AE3826300B0AF79 /* Supporting Files */ = {
			isa = PBXGroup;
			children = (
				F75827461AE3826300B0AF79 /* Info.plist */,
			);
			name = "Supporting Files";
			sourceTree = "<group>";
		};
		F758275A1AE3826300B0AF79 /* sinanhelloTests */ = {
			isa = PBXGroup;
			children = (
				F758275D1AE3826300B0AF79 /* sinanhelloTests.swift */,
				F758275B1AE3826300B0AF79 /* Supporting Files */,
			);
			path = sinanhelloTests;
			sourceTree = "<group>";
		};
		F758275B1AE3826300B0AF79 /* Supporting Files */ = {
			isa = PBXGroup;
			children = (
				F758275C1AE3826300B0AF79 /* Info.plist */,
			);
			name = "Supporting Files";
			sourceTree = "<group>";
		};
/* End PBXGroup section */

/* Begin PBXNativeTarget section */
		F75827411AE3826300B0AF79 /* sinanhello */ = {
			isa = PBXNativeTarget;
			buildConfigurationList = F75827611AE3826300B0AF79 /* Build configuration list for PBXNativeTarget "sinanhello" */;
			buildPhases = (
				F758273E1AE3826300B0AF79 /* Sources */,
				F758273F1AE3826300B0AF79 /* Frameworks */,
				F75827401AE3826300B0AF79 /* Resources */,
			);
			buildRules = (
			);
			dependencies = (
			);
			name = sinanhello;
			productName = sinanhello;
			productReference = F75827421AE3826300B0AF79 /* sinanhello.app */;
			productType = "com.apple.product-type.application";
		};
		F75827561AE3826300B0AF79 /* sinanhelloTests */ = {
			isa = PBXNativeTarget;
			buildConfigurationList = F75827641AE3826300B0AF79 /* Build configuration list for PBXNativeTarget "sinanhelloTests" */;
			buildPhases = (
				F75827531AE3826300B0AF79 /* Sources */,
				F75827541AE3826300B0AF79 /* Frameworks */,
				F75827551AE3826300B0AF79 /* Resources */,
			);
			buildRules = (
			);
			dependencies = (
				F75827591AE3826300B0AF79 /* PBXTargetDependency */,
			);
			name = sinanhelloTests;
			productName = sinanhelloTests;
			productReference = F75827571AE3826300B0AF79 /* sinanhelloTests.xctest */;
			productType = "com.apple.product-type.bundle.unit-test";
		};
/* End PBXNativeTarget section */

/* Begin PBXProject section */
		F758273A1AE3826300B0AF79 /* Project object */ = {
			isa = PBXProject;
			attributes = {
				LastUpgradeCheck = 0630;
				ORGANIZATIONNAME = "Sinan E";
				TargetAttributes = {
					F75827411AE3826300B0AF79 = {
						CreatedOnToolsVersion = 6.3;
					};
					F75827561AE3826300B0AF79 = {
						CreatedOnToolsVersion = 6.3;
						TestTargetID = F75827411AE3826300B0AF79;
					};
				};
			};
			buildConfigurationList = F758273D1AE3826300B0AF79 /* Build configuration list for PBXProject "sinanhello" */;
			compatibilityVersion = "Xcode 3.2";
			developmentRegion = English;
			hasScannedForEncodings = 0;
			knownRegions = (
				en,
				Base,
			);
			mainGroup = F75827391AE3826300B0AF79;
			productRefGroup = F75827431AE3826300B0AF79 /* Products */;
			projectDirPath = "";
			projectRoot = "";
			targets = (
				F75827411AE3826300B0AF79 /* sinanhello */,
				F75827561AE3826300B0AF79 /* sinanhelloTests */,
			);
		};
/* End PBXProject section */

/* Begin PBXResourcesBuildPhase section */
		F75827401AE3826300B0AF79 /* Resources */ = {
			isa = PBXResourcesBuildPhase;
			buildActionMask = 2147483647;
			files = (
				F758274D1AE3826300B0AF79 /* Main.storyboard in Resources */,
				F75827521AE3826300B0AF79 /* LaunchScreen.xib in Resources */,
				F758274F1AE3826300B0AF79 /* Images.xcassets in Resources */,
			);
			runOnlyForDeploymentPostprocessing = 0;
		};
		F75827551AE3826300B0AF79 /* Resources */ = {
			isa = PBXResourcesBuildPhase;
			buildActionMask = 2147483647;
			files = (
			);
			runOnlyForDeploymentPostprocessing = 0;
		};
/* End PBXResourcesBuildPhase section */

/* Begin PBXSourcesBuildPhase section */
		F758273E1AE3826300B0AF79 /* Sources */ = {
			isa = PBXSourcesBuildPhase;
			buildActionMask = 2147483647;
			files = (
				F758274A1AE3826300B0AF79 /* ViewController.swift in Sources */,
				F75827481AE3826300B0AF79 /* AppDelegate.swift in Sources */,
			);
			runOnlyForDeploymentPostprocessing = 0;
		};
		F75827531AE3826300B0AF79 /* Sources */ = {
			isa = PBXSourcesBuildPhase;
			buildActionMask = 2147483647;
			files = (
				F758275E1AE3826300B0AF79 /* sinanhelloTests.swift in Sources */,
			);
			runOnlyForDeploymentPostprocessing = 0;
		};
/* End PBXSourcesBuildPhase section */

/* Begin PBXTargetDependency section */
		F75827591AE3826300B0AF79 /* PBXTargetDependency */ = {
			isa = PBXTargetDependency;
			target = F75827411AE3826300B0AF79 /* sinanhello */;
			targetProxy = F75827581AE3826300B0AF79 /* PBXContainerItemProxy */;
		};
/* End PBXTargetDependency section */

/* Begin PBXVariantGroup section */
		F758274B1AE3826300B0AF79 /* Main.storyboard */ = {
			isa = PBXVariantGroup;
			children = (
				F758274C1AE3826300B0AF79 /* Base */,
			);
			name = Main.storyboard;
			sourceTree = "<group>";
		};
		F75827501AE3826300B0AF79 /* LaunchScreen.xib */ = {
			isa = PBXVariantGroup;
			children = (
				F75827511AE3826300B0AF79 /* Base */,
			);
			name = LaunchScreen.xib;
			sourceTree = "<group>";
		};
/* End PBXVariantGroup section */

/* Begin XCBuildConfiguration section */
		F758275F1AE3826300B0AF79 /* Debug */ = {
			isa = XCBuildConfiguration;
			buildSettings = {
				ALWAYS_SEARCH_USER_PATHS = NO;
				CLANG_CXX_LANGUAGE_STANDARD = "gnu++0x";
				CLANG_CXX_LIBRARY = "libc++";
				CLANG_ENABLE_MODULES = YES;
				CLANG_ENABLE_OBJC_ARC = YES;
				CLANG_WARN_BOOL_CONVERSION = YES;
				CLANG_WARN_CONSTANT_CONVERSION = YES;
				CLANG_WARN_DIRECT_OBJC_ISA_USAGE = YES_ERROR;
				CLANG_WARN_EMPTY_BODY = YES;
				CLANG_WARN_ENUM_CONVERSION = YES;
				CLANG_WARN_INT_CONVERSION = YES;
				CLANG_WARN_OBJC_ROOT_CLASS = YES_ERROR;
				CLANG_WARN_UNREACHABLE_CODE = YES;
				CLANG_WARN__DUPLICATE_METHOD_MATCH = YES;
				"CODE_SIGN_IDENTITY[sdk=iphoneos*]" = "iPhone Developer";
				COPY_PHASE_STRIP = NO;
				DEBUG_INFORMATION_FORMAT = "dwarf-with-dsym";
				ENABLE_STRICT_OBJC_MSGSEND = YES;
				GCC_C_LANGUAGE_STANDARD = gnu99;
				GCC_DYNAMIC_NO_PIC = NO;
				GCC_NO_COMMON_BLOCKS = YES;
				GCC_OPTIMIZATION_LEVEL = 0;
				GCC_PREPROCESSOR_DEFINITIONS = (
					"DEBUG=1",
					"$(inherited)",
				);
				GCC_SYMBOLS_PRIVATE_EXTERN = NO;
				GCC_WARN_64_TO_32_BIT_CONVERSION = YES;
				GCC_WARN_ABOUT_RETURN_TYPE = YES_ERROR;
				GCC_WARN_UNDECLARED_SELECTOR = YES;
				GCC_WARN_UNINITIALIZED_AUTOS = YES_AGGRESSIVE;
				GCC_WARN_UNUSED_FUNCTION = YES;
				GCC_WARN_UNUSED_VARIABLE = YES;
				IPHONEOS_DEPLOYMENT_TARGET = 8.3;
				MTL_ENABLE_DEBUG_INFO = YES;
				ONLY_ACTIVE_ARCH = YES;
				SDKROOT = iphoneos;
				SWIFT_OPTIMIZATION_LEVEL = "-Onone";
			};
			name = Debug;
		};
		F75827601AE3826300B0AF79 /* Release */ = {
			isa = XCBuildConfiguration;
			buildSettings = {
				ALWAYS_SEARCH_USER_PATHS = NO;
				CLANG_CXX_LANGUAGE_STANDARD = "gnu++0x";
				CLANG_CXX_LIBRARY = "libc++";
				CLANG_ENABLE_MODULES = YES;
				CLANG_ENABLE_OBJC_ARC = YES;
				CLANG_WARN_BOOL_CONVERSION = YES;
				CLANG_WARN_CONSTANT_CONVERSION = YES;
				CLANG_WARN_DIRECT_OBJC_ISA_USAGE = YES_ERROR;
				CLANG_WARN_EMPTY_BODY = YES;
				CLANG_WARN_ENUM_CONVERSION = YES;
				CLANG_WARN_INT_CONVERSION = YES;
				CLANG_WARN_OBJC_ROOT_CLASS = YES_ERROR;
				CLANG_WARN_UNREACHABLE_CODE = YES;
				CLANG_WARN__DUPLICATE_METHOD_MATCH = YES;
				"CODE_SIGN_IDENTITY[sdk=iphoneos*]" = "iPhone Developer";
				COPY_PHASE_STRIP = NO;
				DEBUG_INFORMATION_FORMAT = "dwarf-with-dsym";
				ENABLE_NS_ASSERTIONS = NO;
				ENABLE_STRICT_OBJC_MSGSEND = YES;
				GCC_C_LANGUAGE_STANDARD = gnu99;
				GCC_NO_COMMON_BLOCKS = YES;
				GCC_WARN_64_TO_32_BIT_CONVERSION = YES;
				GCC_WARN_ABOUT_RETURN_TYPE = YES_ERROR;
				GCC_WARN_UNDECLARED_SELECTOR = YES;
				GCC_WARN_UNINITIALIZED_AUTOS = YES_AGGRESSIVE;
				GCC_WARN_UNUSED_FUNCTION = YES;
				GCC_WARN_UNUSED_VARIABLE = YES;
				IPHONEOS_DEPLOYMENT_TARGET = 8.3;
				MTL_ENABLE_DEBUG_INFO = NO;
				SDKROOT = iphoneos;
				VALIDATE_PRODUCT = YES;
			};
			name = Release;
		};
		F75827621AE3826300B0AF79 /* Debug */ = {
			isa = XCBuildConfiguration;
			buildSettings = {
				ASSETCATALOG_COMPILER_APPICON_NAME = AppIcon;
				INFOPLIST_FILE = sinanhello/Info.plist;
				LD_RUNPATH_SEARCH_PATHS = "$(inherited) @executable_path/Frameworks";
				PRODUCT_NAME = "$(TARGET_NAME)";
			};
			name = Debug;
		};
		F75827631AE3826300B0AF79 /* Release */ = {
			isa = XCBuildConfiguration;
			buildSettings = {
				ASSETCATALOG_COMPILER_APPICON_NAME = AppIcon;
				INFOPLIST_FILE = sinanhello/Info.plist;
				LD_RUNPATH_SEARCH_PATHS = "$(inherited) @executable_path/Frameworks";
				PRODUCT_NAME = "$(TARGET_NAME)";
			};
			name = Release;
		};
		F75827651AE3826300B0AF79 /* Debug */ = {
			isa = XCBuildConfiguration;
			buildSettings = {
				BUNDLE_LOADER = "$(TEST_HOST)";
				FRAMEWORK_SEARCH_PATHS = (
					"$(SDKROOT)/Developer/Library/Frameworks",
					"$(inherited)",
				);
				GCC_PREPROCESSOR_DEFINITIONS = (
					"DEBUG=1",
					"$(inherited)",
				);
				INFOPLIST_FILE = sinanhelloTests/Info.plist;
				LD_RUNPATH_SEARCH_PATHS = "$(inherited) @executable_path/Frameworks @loader_path/Frameworks";
				PRODUCT_NAME = "$(TARGET_NAME)";
				TEST_HOST = "$(BUILT_PRODUCTS_DIR)/sinanhello.app/sinanhello";
			};
			name = Debug;
		};
		F75827661AE3826300B0AF79 /* Release */ = {
			isa = XCBuildConfiguration;
			buildSettings = {
				BUNDLE_LOADER = "$(TEST_HOST)";
				FRAMEWORK_SEARCH_PATHS = (
					"$(SDKROOT)/Developer/Library/Frameworks",
					"$(inherited)",
				);
				INFOPLIST_FILE = sinanhelloTests/Info.plist;
				LD_RUNPATH_SEARCH_PATHS = "$(inherited) @executable_path/Frameworks @loader_path/Frameworks";
				PRODUCT_NAME = "$(TARGET_NAME)";
				TEST_HOST = "$(BUILT_PRODUCTS_DIR)/sinanhello.app/sinanhello";
			};
			name = Release;
		};
/* End XCBuildConfiguration section */

/* Begin XCConfigurationList section */
		F758273D1AE3826300B0AF79 /* Build configuration list for PBXProject "sinanhello" */ = {
			isa = XCConfigurationList;
			buildConfigurations = (
				F758275F1AE3826300B0AF79 /* Debug */,
				F75827601AE3826300B0AF79 /* Release */,
			);
			defaultConfigurationIsVisible = 0;
			defaultConfigurationName = Release;
		};
		F75827611AE3826300B0AF79 /* Build configuration list for PBXNativeTarget "sinanhello" */ = {
			isa = XCConfigurationList;
			buildConfigurations = (
				F75827621AE3826300B0AF79 /* Debug */,
				F75827631AE3826300B0AF79 /* Release */,
			);
			defaultConfigurationIsVisible = 0;
		};
		F75827641AE3826300B0AF79 /* Build configuration list for PBXNativeTarget "sinanhelloTests" */ = {
			isa = XCConfigurationList;
			buildConfigurations = (
				F75827651AE3826300B0AF79 /* Debug */,
				F75827661AE3826300B0AF79 /* Release */,
			);
			defaultConfigurationIsVisible = 0;
		};
/* End XCConfigurationList section */
	};
	rootObject = F758273A1AE3826300B0AF79 /* Project object */;
}
